
Microsoft Visual Studio Solution File, Format Version 12.00
# Visual Studio 2012
Project("{FAE04EC0-301F-11D3-BF4B-00C04F79EFBC}") = "Thread", "Thread\Thread.csproj", "{AFE5E56D-7AB8-4DCF-A518-AA741829B4F2}"
EndProject
Global
	GlobalSection(SolutionConfigurationPlatforms) = preSolution
		Debug|Any CPU = Debug|Any CPU
		Release|Any CPU = Release|Any CPU
	EndGlobalSection
	GlobalSection(ProjectConfigurationPlatforms) = postSolution
		{AFE5E56D-7AB8-4DCF-A518-AA741829B4F2}.Debug|Any CPU.ActiveCfg = Debug|Any CPU
		{AFE5E56D-7AB8-4DCF-A518-AA741829B4F2}.Debug|Any CPU.Build.0 = Debug|Any CPU
		{AFE5E56D-7AB8-4DCF-A518-AA741829B4F2}.Release|Any CPU.ActiveCfg = Release|Any CPU
		{AFE5E56D-7AB8-4DCF-A518-AA741829B4F2}.Release|Any CPU.Build.0 = Release|Any CPU
	EndGlobalSection
	GlobalSection(SolutionProperties) = preSolution
		HideSolutionNode = FALSE
	EndGlobalSection
EndGlobal
